// !$*UTF8*$!
{
	archiveVersion = 1;
	classes = {
	};
	objectVersion = 55;
	objects = {

/* Begin PBXBuildFile section */
		4D707C592741841200983D64 /* AppDelegate.swift in Sources */ = {isa = PBXBuildFile; fileRef = 4D707C582741841200983D64 /* AppDelegate.swift */; };
		4D707C5B2741841200983D64 /* art.scnassets in Resources */ = {isa = PBXBuildFile; fileRef = 4D707C5A2741841200983D64 /* art.scnassets */; };
		4D707C5D2741841200983D64 /* GameViewController.swift in Sources */ = {isa = PBXBuildFile; fileRef = 4D707C5C2741841200983D64 /* GameViewController.swift */; };
		4D707C602741841200983D64 /* Main.storyboard in Resources */ = {isa = PBXBuildFile; fileRef = 4D707C5E2741841200983D64 /* Main.storyboard */; };
		4D707C622741842700983D64 /* Assets.xcassets in Resources */ = {isa = PBXBuildFile; fileRef = 4D707C612741842700983D64 /* Assets.xcassets */; };
		4D707C652741842700983D64 /* LaunchScreen.storyboard in Resources */ = {isa = PBXBuildFile; fileRef = 4D707C632741842700983D64 /* LaunchScreen.storyboard */; };
		4D707C6C2741F67B00983D64 /* main.metal in Sources */ = {isa = PBXBuildFile; fileRef = 4D707C6B2741F67B00983D64 /* main.metal */; };
		4DC1A2732744C54B00D2E936 /* MetalBoid.swift in Sources */ = {isa = PBXBuildFile; fileRef = 4DC1A2722744C54B00D2E936 /* MetalBoid.swift */; };
		4DC1A2A22748983E00D2E936 /* RandomWalker.swift in Sources */ = {isa = PBXBuildFile; fileRef = 4DC1A2A12748983E00D2E936 /* RandomWalker.swift */; };
		4DC1A2A427489AAC00D2E936 /* SceneKitHelper.swift in Sources */ = {isa = PBXBuildFile; fileRef = 4DC1A2A327489AAC00D2E936 /* SceneKitHelper.swift */; };
		4DC1A2A6274B395600D2E936 /* BasicAnimator.swift in Sources */ = {isa = PBXBuildFile; fileRef = 4DC1A2A5274B395600D2E936 /* BasicAnimator.swift */; };
		4DC1A2A8274C0DDF00D2E936 /* BufferManager.swift in Sources */ = {isa = PBXBuildFile; fileRef = 4DC1A2A7274C0DDF00D2E936 /* BufferManager.swift */; };
		4DC1A2B3275033E100D2E936 /* Force.swift in Sources */ = {isa = PBXBuildFile; fileRef = 4DC1A2B2275033E100D2E936 /* Force.swift */; };
		4DC1A2B627515A6700D2E936 /* Uniform.swift in Sources */ = {isa = PBXBuildFile; fileRef = 4DC1A2B527515A6700D2E936 /* Uniform.swift */; };
/* End PBXBuildFile section */

/* Begin PBXFileReference section */
		4D707C552741841200983D64 /* maxboid.app */ = {isa = PBXFileReference; explicitFileType = wrapper.application; includeInIndex = 0; path = maxboid.app; sourceTree = BUILT_PRODUCTS_DIR; };
		4D707C582741841200983D64 /* AppDelegate.swift */ = {isa = PBXFileReference; lastKnownFileType = sourcecode.swift; path = AppDelegate.swift; sourceTree = "<group>"; };
		4D707C5A2741841200983D64 /* art.scnassets */ = {isa = PBXFileReference; lastKnownFileType = wrapper.scnassets; path = art.scnassets; sourceTree = "<group>"; };
		4D707C5C2741841200983D64 /* GameViewController.swift */ = {isa = PBXFileReference; lastKnownFileType = sourcecode.swift; path = GameViewController.swift; sourceTree = "<group>"; };
		4D707C5F2741841200983D64 /* Base */ = {isa = PBXFileReference; lastKnownFileType = file.storyboard; name = Base; path = Base.lproj/Main.storyboard; sourceTree = "<group>"; };
		4D707C612741842700983D64 /* Assets.xcassets */ = {isa = PBXFileReference; lastKnownFileType = folder.assetcatalog; path = Assets.xcassets; sourceTree = "<group>"; };
		4D707C642741842700983D64 /* Base */ = {isa = PBXFileReference; lastKnownFileType = file.storyboard; name = Base; path = Base.lproj/LaunchScreen.storyboard; sourceTree = "<group>"; };
		4D707C6B2741F67B00983D64 /* main.metal */ = {isa = PBXFileReference; lastKnownFileType = sourcecode.metal; path = main.metal; sourceTree = "<group>"; };
		4DC1A2722744C54B00D2E936 /* MetalBoid.swift */ = {isa = PBXFileReference; lastKnownFileType = sourcecode.swift; path = MetalBoid.swift; sourceTree = "<group>"; };
		4DC1A2A12748983E00D2E936 /* RandomWalker.swift */ = {isa = PBXFileReference; lastKnownFileType = sourcecode.swift; path = RandomWalker.swift; sourceTree = "<group>"; };
		4DC1A2A327489AAC00D2E936 /* SceneKitHelper.swift */ = {isa = PBXFileReference; lastKnownFileType = sourcecode.swift; path = SceneKitHelper.swift; sourceTree = "<group>"; };
		4DC1A2A5274B395600D2E936 /* BasicAnimator.swift */ = {isa = PBXFileReference; lastKnownFileType = sourcecode.swift; path = BasicAnimator.swift; sourceTree = "<group>"; };
		4DC1A2A7274C0DDF00D2E936 /* BufferManager.swift */ = {isa = PBXFileReference; lastKnownFileType = sourcecode.swift; path = BufferManager.swift; sourceTree = "<group>"; };
		4DC1A2B2275033E100D2E936 /* Force.swift */ = {isa = PBXFileReference; lastKnownFileType = sourcecode.swift; path = Force.swift; sourceTree = "<group>"; };
		4DC1A2B527515A6700D2E936 /* Uniform.swift */ = {isa = PBXFileReference; lastKnownFileType = sourcecode.swift; path = Uniform.swift; sourceTree = "<group>"; };
/* End PBXFileReference section */

/* Begin PBXFrameworksBuildPhase section */
		4D707C522741841200983D64 /* Frameworks */ = {
			isa = PBXFrameworksBuildPhase;
			buildActionMask = 2147483647;
			files = (
			);
			runOnlyForDeploymentPostprocessing = 0;
		};
/* End PBXFrameworksBuildPhase section */

/* Begin PBXGroup section */
		4D707C4C2741841200983D64 = {
			isa = PBXGroup;
			children = (
				4D707C572741841200983D64 /* maxboid */,
				4D707C562741841200983D64 /* Products */,
			);
			sourceTree = "<group>";
		};
		4D707C562741841200983D64 /* Products */ = {
			isa = PBXGroup;
			children = (
				4D707C552741841200983D64 /* maxboid.app */,
			);
			name = Products;
			sourceTree = "<group>";
		};
		4D707C572741841200983D64 /* maxboid */ = {
			isa = PBXGroup;
			children = (
				4D707C582741841200983D64 /* AppDelegate.swift */,
				4D707C5A2741841200983D64 /* art.scnassets */,
				4D707C612741842700983D64 /* Assets.xcassets */,
				4DC1A2A12748983E00D2E936 /* RandomWalker.swift */,
				4DC1A2A5274B395600D2E936 /* BasicAnimator.swift */,
				4DC1A2A7274C0DDF00D2E936 /* BufferManager.swift */,
				4DC1A2B2275033E100D2E936 /* Force.swift */,
				4D707C5C2741841200983D64 /* GameViewController.swift */,
				4D707C632741842700983D64 /* LaunchScreen.storyboard */,
				4D707C6B2741F67B00983D64 /* main.metal */,
				4D707C5E2741841200983D64 /* Main.storyboard */,
				4DC1A2722744C54B00D2E936 /* MetalBoid.swift */,
				4DC1A2A327489AAC00D2E936 /* SceneKitHelper.swift */,
				4DC1A2B527515A6700D2E936 /* Uniform.swift */,
			);
			path = maxboid;
			sourceTree = "<group>";
		};
/* End PBXGroup section */

/* Begin PBXNativeTarget section */
		4D707C542741841200983D64 /* maxboid */ = {
			isa = PBXNativeTarget;
			buildConfigurationList = 4D707C682741842700983D64 /* Build configuration list for PBXNativeTarget "maxboid" */;
			buildPhases = (
				4D707C512741841200983D64 /* Sources */,
				4D707C522741841200983D64 /* Frameworks */,
				4D707C532741841200983D64 /* Resources */,
			);
			buildRules = (
			);
			dependencies = (
			);
			name = maxboid;
			productName = maxboid;
			productReference = 4D707C552741841200983D64 /* maxboid.app */;
			productType = "com.apple.product-type.application";
		};
/* End PBXNativeTarget section */

/* Begin PBXProject section */
		4D707C4D2741841200983D64 /* Project object */ = {
			isa = PBXProject;
			attributes = {
				BuildIndependentTargetsInParallel = 1;
				LastSwiftUpdateCheck = 1310;
				LastUpgradeCheck = 1310;
				TargetAttributes = {
					4D707C542741841200983D64 = {
						CreatedOnToolsVersion = 13.1;
					};
				};
			};
			buildConfigurationList = 4D707C502741841200983D64 /* Build configuration list for PBXProject "maxboid" */;
			compatibilityVersion = "Xcode 13.0";
			developmentRegion = en;
			hasScannedForEncodings = 0;
			knownRegions = (
				en,
				Base,
			);
			mainGroup = 4D707C4C2741841200983D64;
			productRefGroup = 4D707C562741841200983D64 /* Products */;
			projectDirPath = "";
			projectRoot = "";
			targets = (
				4D707C542741841200983D64 /* maxboid */,
			);
		};
/* End PBXProject section */

/* Begin PBXResourcesBuildPhase section */
		4D707C532741841200983D64 /* Resources */ = {
			isa = PBXResourcesBuildPhase;
			buildActionMask = 2147483647;
			files = (
				4D707C5B2741841200983D64 /* art.scnassets in Resources */,
				4D707C652741842700983D64 /* LaunchScreen.storyboard in Resources */,
				4D707C622741842700983D64 /* Assets.xcassets in Resources */,
				4D707C602741841200983D64 /* Main.storyboard in Resources */,
			);
			runOnlyForDeploymentPostprocessing = 0;
		};
/* End PBXResourcesBuildPhase section */

/* Begin PBXSourcesBuildPhase section */
		4D707C512741841200983D64 /* Sources */ = {
			isa = PBXSourcesBuildPhase;
			buildActionMask = 2147483647;
			files = (
				4D707C6C2741F67B00983D64 /* main.metal in Sources */,
				4DC1A2732744C54B00D2E936 /* MetalBoid.swift in Sources */,
				4DC1A2A6274B395600D2E936 /* BasicAnimator.swift in Sources */,
				4DC1A2A8274C0DDF00D2E936 /* BufferManager.swift in Sources */,
				4D707C5D2741841200983D64 /* GameViewController.swift in Sources */,
				4DC1A2A427489AAC00D2E936 /* SceneKitHelper.swift in Sources */,
				4DC1A2A22748983E00D2E936 /* RandomWalker.swift in Sources */,
				4D707C592741841200983D64 /* AppDelegate.swift in Sources */,
				4DC1A2B627515A6700D2E936 /* Uniform.swift in Sources */,
				4DC1A2B3275033E100D2E936 /* Force.swift in Sources */,
			);
			runOnlyForDeploymentPostprocessing = 0;
		};
/* End PBXSourcesBuildPhase section */

/* Begin PBXVariantGroup section */
		4D707C5E2741841200983D64 /* Main.storyboard */ = {
			isa = PBXVariantGroup;
			children = (
				4D707C5F2741841200983D64 /* Base */,
			);
			name = Main.storyboard;
			sourceTree = "<group>";
		};
		4D707C632741842700983D64 /* LaunchScreen.storyboard */ = {
			isa = PBXVariantGroup;
			children = (
				4D707C642741842700983D64 /* Base */,
			);
			name = LaunchScreen.storyboard;
			sourceTree = "<group>";
		};
/* End PBXVariantGroup section */

/* Begin XCBuildConfiguration section */
		4D707C662741842700983D64 /* Debug */ = {
			isa = XCBuildConfiguration;
			buildSettings = {
				ALWAYS_SEARCH_USER_PATHS = NO;
				CLANG_ANALYZER_NONNULL = YES;
				CLANG_ANALYZER_NUMBER_OBJECT_CONVERSION = YES_AGGRESSIVE;
				CLANG_CXX_LANGUAGE_STANDARD = "gnu++17";
				CLANG_CXX_LIBRARY = "libc++";
				CLANG_ENABLE_MODULES = YES;
				CLANG_ENABLE_OBJC_ARC = YES;
				CLANG_ENABLE_OBJC_WEAK = YES;
				CLANG_WARN_BLOCK_CAPTURE_AUTORELEASING = YES;
				CLANG_WARN_BOOL_CONVERSION = YES;
				CLANG_WARN_COMMA = YES;
				CLANG_WARN_CONSTANT_CONVERSION = YES;
				CLANG_WARN_DEPRECATED_OBJC_IMPLEMENTATIONS = YES;
				CLANG_WARN_DIRECT_OBJC_ISA_USAGE = YES_ERROR;
				CLANG_WARN_DOCUMENTATION_COMMENTS = YES;
				CLANG_WARN_EMPTY_BODY = YES;
				CLANG_WARN_ENUM_CONVERSION = YES;
				CLANG_WARN_INFINITE_RECURSION = YES;
				CLANG_WARN_INT_CONVERSION = YES;
				CLANG_WARN_NON_LITERAL_NULL_CONVERSION = YES;
				CLANG_WARN_OBJC_IMPLICIT_RETAIN_SELF = YES;
				CLANG_WARN_OBJC_LITERAL_CONVERSION = YES;
				CLANG_WARN_OBJC_ROOT_CLASS = YES_ERROR;
				CLANG_WARN_QUOTED_INCLUDE_IN_FRAMEWORK_HEADER = YES;
				CLANG_WARN_RANGE_LOOP_ANALYSIS = YES;
				CLANG_WARN_STRICT_PROTOTYPES = YES;
				CLANG_WARN_SUSPICIOUS_MOVE = YES;
				CLANG_WARN_UNGUARDED_AVAILABILITY = YES_AGGRESSIVE;
				CLANG_WARN_UNREACHABLE_CODE = YES;
				CLANG_WARN__DUPLICATE_METHOD_MATCH = YES;
				COPY_PHASE_STRIP = NO;
				DEBUG_INFORMATION_FORMAT = dwarf;
				ENABLE_STRICT_OBJC_MSGSEND = YES;
				ENABLE_TESTABILITY = YES;
				GCC_C_LANGUAGE_STANDARD = gnu11;
				GCC_DYNAMIC_NO_PIC = NO;
				GCC_NO_COMMON_BLOCKS = YES;
				GCC_OPTIMIZATION_LEVEL = 0;
				GCC_PREPROCESSOR_DEFINITIONS = (
					"DEBUG=1",
					"$(inherited)",
				);
				GCC_WARN_64_TO_32_BIT_CONVERSION = YES;
				GCC_WARN_ABOUT_RETURN_TYPE = YES_ERROR;
				GCC_WARN_UNDECLARED_SELECTOR = YES;
				GCC_WARN_UNINITIALIZED_AUTOS = YES_AGGRESSIVE;
				GCC_WARN_UNUSED_FUNCTION = YES;
				GCC_WARN_UNUSED_VARIABLE = YES;
				IPHONEOS_DEPLOYMENT_TARGET = 15.0;
				MTL_ENABLE_DEBUG_INFO = INCLUDE_SOURCE;
				MTL_FAST_MATH = YES;
				ONLY_ACTIVE_ARCH = YES;
				SDKROOT = iphoneos;
				SWIFT_ACTIVE_COMPILATION_CONDITIONS = DEBUG;
				SWIFT_OPTIMIZATION_LEVEL = "-Onone";
			};
			name = Debug;
		};
		4D707C672741842700983D64 /* Release */ = {
			isa = XCBuildConfiguration;
			buildSettings = {
				ALWAYS_SEARCH_USER_PATHS = NO;
				CLANG_ANALYZER_NONNULL = YES;
				CLANG_ANALYZER_NUMBER_OBJECT_CONVERSION = YES_AGGRESSIVE;
				CLANG_CXX_LANGUAGE_STANDARD = "gnu++17";
				CLANG_CXX_LIBRARY = "libc++";
				CLANG_ENABLE_MODULES = YES;
				CLANG_ENABLE_OBJC_ARC = YES;
				CLANG_ENABLE_OBJC_WEAK = YES;
				CLANG_WARN_BLOCK_CAPTURE_AUTORELEASING = YES;
				CLANG_WARN_BOOL_CONVERSION = YES;
				CLANG_WARN_COMMA = YES;
				CLANG_WARN_CONSTANT_CONVERSION = YES;
				CLANG_WARN_DEPRECATED_OBJC_IMPLEMENTATIONS = YES;
				CLANG_WARN_DIRECT_OBJC_ISA_USAGE = YES_ERROR;
				CLANG_WARN_DOCUMENTATION_COMMENTS = YES;
				CLANG_WARN_EMPTY_BODY = YES;
				CLANG_WARN_ENUM_CONVERSION = YES;
				CLANG_WARN_INFINITE_RECURSION = YES;
				CLANG_WARN_INT_CONVERSION = YES;
				CLANG_WARN_NON_LITERAL_NULL_CONVERSION = YES;
				CLANG_WARN_OBJC_IMPLICIT_RETAIN_SELF = YES;
				CLANG_WARN_OBJC_LITERAL_CONVERSION = YES;
				CLANG_WARN_OBJC_ROOT_CLASS = YES_ERROR;
				CLANG_WARN_QUOTED_INCLUDE_IN_FRAMEWORK_HEADER = YES;
				CLANG_WARN_RANGE_LOOP_ANALYSIS = YES;
				CLANG_WARN_STRICT_PROTOTYPES = YES;
				CLANG_WARN_SUSPICIOUS_MOVE = YES;
				CLANG_WARN_UNGUARDED_AVAILABILITY = YES_AGGRESSIVE;
				CLANG_WARN_UNREACHABLE_CODE = YES;
				CLANG_WARN__DUPLICATE_METHOD_MATCH = YES;
				COPY_PHASE_STRIP = NO;
				DEBUG_INFORMATION_FORMAT = "dwarf-with-dsym";
				ENABLE_NS_ASSERTIONS = NO;
				ENABLE_STRICT_OBJC_MSGSEND = YES;
				GCC_C_LANGUAGE_STANDARD = gnu11;
				GCC_NO_COMMON_BLOCKS = YES;
				GCC_WARN_64_TO_32_BIT_CONVERSION = YES;
				GCC_WARN_ABOUT_RETURN_TYPE = YES_ERROR;
				GCC_WARN_UNDECLARED_SELECTOR = YES;
				GCC_WARN_UNINITIALIZED_AUTOS = YES_AGGRESSIVE;
				GCC_WARN_UNUSED_FUNCTION = YES;
				GCC_WARN_UNUSED_VARIABLE = YES;
				IPHONEOS_DEPLOYMENT_TARGET = 15.0;
				MTL_ENABLE_DEBUG_INFO = NO;
				MTL_FAST_MATH = YES;
				SDKROOT = iphoneos;
				SWIFT_COMPILATION_MODE = wholemodule;
				SWIFT_OPTIMIZATION_LEVEL = "-O";
				VALIDATE_PRODUCT = YES;
			};
			name = Release;
		};
		4D707C692741842700983D64 /* Debug */ = {
			isa = XCBuildConfiguration;
			buildSettings = {
				ASSETCATALOG_COMPILER_APPICON_NAME = AppIcon;
				ASSETCATALOG_COMPILER_GLOBAL_ACCENT_COLOR_NAME = AccentColor;
				CODE_SIGN_STYLE = Automatic;
				CURRENT_PROJECT_VERSION = 1;
				DEVELOPMENT_TEAM = G8QGX59NPW;
				GENERATE_INFOPLIST_FILE = YES;
				INFOPLIST_KEY_UIApplicationSupportsIndirectInputEvents = YES;
				INFOPLIST_KEY_UILaunchStoryboardName = LaunchScreen;
				INFOPLIST_KEY_UIMainStoryboardFile = Main;
				INFOPLIST_KEY_UIStatusBarHidden = YES;
				INFOPLIST_KEY_UISupportedInterfaceOrientations_iPad = "UIInterfaceOrientationPortrait UIInterfaceOrientationPortraitUpsideDown UIInterfaceOrientationLandscapeLeft UIInterfaceOrientationLandscapeRight";
				INFOPLIST_KEY_UISupportedInterfaceOrientations_iPhone = "UIInterfaceOrientationPortrait UIInterfaceOrientationLandscapeLeft UIInterfaceOrientationLandscapeRight";
				LD_RUNPATH_SEARCH_PATHS = (
					"$(inherited)",
					"@executable_path/Frameworks",
				);
				MARKETING_VERSION = 1.0;
				PRODUCT_BUNDLE_IDENTIFIER = com.something1234asdf.maxboid;
				PRODUCT_NAME = "$(TARGET_NAME)";
				SWIFT_EMIT_LOC_STRINGS = YES;
				SWIFT_VERSION = 5.0;
				TARGETED_DEVICE_FAMILY = "1,2";
			};
			name = Debug;
		};
		4D707C6A2741842700983D64 /* Release */ = {
			isa = XCBuildConfiguration;
			buildSettings = {
				ASSETCATALOG_COMPILER_APPICON_NAME = AppIcon;
				ASSETCATALOG_COMPILER_GLOBAL_ACCENT_COLOR_NAME = AccentColor;
				CODE_SIGN_STYLE = Automatic;
				CURRENT_PROJECT_VERSION = 1;
				DEVELOPMENT_TEAM = G8QGX59NPW;
				GENERATE_INFOPLIST_FILE = YES;
				INFOPLIST_KEY_UIApplicationSupportsIndirectInputEvents = YES;
				INFOPLIST_KEY_UILaunchStoryboardName = LaunchScreen;
				INFOPLIST_KEY_UIMainStoryboardFile = Main;
				INFOPLIST_KEY_UIStatusBarHidden = YES;
				INFOPLIST_KEY_UISupportedInterfaceOrientations_iPad = "UIInterfaceOrientationPortrait UIInterfaceOrientationPortraitUpsideDown UIInterfaceOrientationLandscapeLeft UIInterfaceOrientationLandscapeRight";
				INFOPLIST_KEY_UISupportedInterfaceOrientations_iPhone = "UIInterfaceOrientationPortrait UIInterfaceOrientationLandscapeLeft UIInterfaceOrientationLandscapeRight";
				LD_RUNPATH_SEARCH_PATHS = (
					"$(inherited)",
					"@executable_path/Frameworks",
				);
				MARKETING_VERSION = 1.0;
				PRODUCT_BUNDLE_IDENTIFIER = com.something1234asdf.maxboid;
				PRODUCT_NAME = "$(TARGET_NAME)";
				SWIFT_EMIT_LOC_STRINGS = YES;
				SWIFT_VERSION = 5.0;
				TARGETED_DEVICE_FAMILY = "1,2";
			};
			name = Release;
		};
/* End XCBuildConfiguration section */

/* Begin XCConfigurationList section */
		4D707C502741841200983D64 /* Build configuration list for PBXProject "maxboid" */ = {
			isa = XCConfigurationList;
			buildConfigurations = (
				4D707C662741842700983D64 /* Debug */,
				4D707C672741842700983D64 /* Release */,
			);
			defaultConfigurationIsVisible = 0;
			defaultConfigurationName = Release;
		};
		4D707C682741842700983D64 /* Build configuration list for PBXNativeTarget "maxboid" */ = {
			isa = XCConfigurationList;
			buildConfigurations = (
				4D707C692741842700983D64 /* Debug */,
				4D707C6A2741842700983D64 /* Release */,
			);
			defaultConfigurationIsVisible = 0;
			defaultConfigurationName = Release;
		};
/* End XCConfigurationList section */
	};
	rootObject = 4D707C4D2741841200983D64 /* Project object */;
}
